// !$*UTF8*$!
{
	archiveVersion = 1;
	classes = {
	};
	objectVersion = 50;
	objects = {

/* Begin PBXBuildFile section */
		DCE1634625B1FFBB007C7DDE /* AppDelegate.swift in Sources */ = {isa = PBXBuildFile; fileRef = DCE1634525B1FFBB007C7DDE /* AppDelegate.swift */; };
		DCE1634825B1FFBB007C7DDE /* SceneDelegate.swift in Sources */ = {isa = PBXBuildFile; fileRef = DCE1634725B1FFBB007C7DDE /* SceneDelegate.swift */; };
		DCE1634A25B1FFBB007C7DDE /* ViewController.swift in Sources */ = {isa = PBXBuildFile; fileRef = DCE1634925B1FFBB007C7DDE /* ViewController.swift */; };
		DCE1634D25B1FFBB007C7DDE /* Main.storyboard in Resources */ = {isa = PBXBuildFile; fileRef = DCE1634B25B1FFBB007C7DDE /* Main.storyboard */; };
		DCE1634F25B1FFBE007C7DDE /* Assets.xcassets in Resources */ = {isa = PBXBuildFile; fileRef = DCE1634E25B1FFBE007C7DDE /* Assets.xcassets */; };
		DCE1635225B1FFBE007C7DDE /* LaunchScreen.storyboard in Resources */ = {isa = PBXBuildFile; fileRef = DCE1635025B1FFBE007C7DDE /* LaunchScreen.storyboard */; };
/* End PBXBuildFile section */

/* Begin PBXFileReference section */
		DCE1634225B1FFBB007C7DDE /* BlackLaunchScreen.app */ = {isa = PBXFileReference; explicitFileType = wrapper.application; includeInIndex = 0; path = BlackLaunchScreen.app; sourceTree = BUILT_PRODUCTS_DIR; };
		DCE1634525B1FFBB007C7DDE /* AppDelegate.swift */ = {isa = PBXFileReference; lastKnownFileType = sourcecode.swift; path = AppDelegate.swift; sourceTree = "<group>"; };
		DCE1634725B1FFBB007C7DDE /* SceneDelegate.swift */ = {isa = PBXFileReference; lastKnownFileType = sourcecode.swift; path = SceneDelegate.swift; sourceTree = "<group>"; };
		DCE1634925B1FFBB007C7DDE /* ViewController.swift */ = {isa = PBXFileReference; lastKnownFileType = sourcecode.swift; path = ViewController.swift; sourceTree = "<group>"; };
		DCE1634C25B1FFBB007C7DDE /* Base */ = {isa = PBXFileReference; lastKnownFileType = file.storyboard; name = Base; path = Base.lproj/Main.storyboard; sourceTree = "<group>"; };
		DCE1634E25B1FFBE007C7DDE /* Assets.xcassets */ = {isa = PBXFileReference; lastKnownFileType = folder.assetcatalog; path = Assets.xcassets; sourceTree = "<group>"; };
		DCE1635125B1FFBE007C7DDE /* Base */ = {isa = PBXFileReference; lastKnownFileType = file.storyboard; name = Base; path = Base.lproj/LaunchScreen.storyboard; sourceTree = "<group>"; };
		DCE1635325B1FFBE007C7DDE /* Info.plist */ = {isa = PBXFileReference; lastKnownFileType = text.plist.xml; path = Info.plist; sourceTree = "<group>"; };
/* End PBXFileReference section */

/* Begin PBXFrameworksBuildPhase section */
		DCE1633F25B1FFBB007C7DDE /* Frameworks */ = {
			isa = PBXFrameworksBuildPhase;
			buildActionMask = 2147483647;
			files = (
			);
			runOnlyForDeploymentPostprocessing = 0;
		};
/* End PBXFrameworksBuildPhase section */

/* Begin PBXGroup section */
		DCE1633925B1FFBB007C7DDE = {
			isa = PBXGroup;
			children = (
				DCE1634425B1FFBB007C7DDE /* BlackLaunchScreen */,
				DCE1634325B1FFBB007C7DDE /* Products */,
			);
			sourceTree = "<group>";
		};
		DCE1634325B1FFBB007C7DDE /* Products */ = {
			isa = PBXGroup;
			children = (
				DCE1634225B1FFBB007C7DDE /* BlackLaunchScreen.app */,
			);
			name = Products;
			sourceTree = "<group>";
		};
		DCE1634425B1FFBB007C7DDE /* BlackLaunchScreen */ = {
			isa = PBXGroup;
			children = (
				DCE1634525B1FFBB007C7DDE /* AppDelegate.swift */,
				DCE1634725B1FFBB007C7DDE /* SceneDelegate.swift */,
				DCE1634925B1FFBB007C7DDE /* ViewController.swift */,
				DCE1634B25B1FFBB007C7DDE /* Main.storyboard */,
				DCE1634E25B1FFBE007C7DDE /* Assets.xcassets */,
				DCE1635025B1FFBE007C7DDE /* LaunchScreen.storyboard */,
				DCE1635325B1FFBE007C7DDE /* Info.plist */,
			);
			path = BlackLaunchScreen;
			sourceTree = "<group>";
		};
/* End PBXGroup section */

/* Begin PBXNativeTarget section */
		DCE1634125B1FFBB007C7DDE /* BlackLaunchScreen */ = {
			isa = PBXNativeTarget;
			buildConfigurationList = DCE1635625B1FFBE007C7DDE /* Build configuration list for PBXNativeTarget "BlackLaunchScreen" */;
			buildPhases = (
				DCE1633E25B1FFBB007C7DDE /* Sources */,
				DCE1633F25B1FFBB007C7DDE /* Frameworks */,
				DCE1634025B1FFBB007C7DDE /* Resources */,
			);
			buildRules = (
			);
			dependencies = (
			);
			name = BlackLaunchScreen;
			productName = BlackLaunchScreen;
			productReference = DCE1634225B1FFBB007C7DDE /* BlackLaunchScreen.app */;
			productType = "com.apple.product-type.application";
		};
/* End PBXNativeTarget section */

/* Begin PBXProject section */
		DCE1633A25B1FFBB007C7DDE /* Project object */ = {
			isa = PBXProject;
			attributes = {
				LastSwiftUpdateCheck = 1230;
				LastUpgradeCheck = 1230;
				TargetAttributes = {
					DCE1634125B1FFBB007C7DDE = {
						CreatedOnToolsVersion = 12.3;
					};
				};
			};
			buildConfigurationList = DCE1633D25B1FFBB007C7DDE /* Build configuration list for PBXProject "BlackLaunchScreen" */;
			compatibilityVersion = "Xcode 9.3";
			developmentRegion = en;
			hasScannedForEncodings = 0;
			knownRegions = (
				en,
				Base,
			);
			mainGroup = DCE1633925B1FFBB007C7DDE;
			productRefGroup = DCE1634325B1FFBB007C7DDE /* Products */;
			projectDirPath = "";
			projectRoot = "";
			targets = (
				DCE1634125B1FFBB007C7DDE /* BlackLaunchScreen */,
			);
		};
/* End PBXProject section */

/* Begin PBXResourcesBuildPhase section */
		DCE1634025B1FFBB007C7DDE /* Resources */ = {
			isa = PBXResourcesBuildPhase;
			buildActionMask = 2147483647;
			files = (
				DCE1635225B1FFBE007C7DDE /* LaunchScreen.storyboard in Resources */,
				DCE1634F25B1FFBE007C7DDE /* Assets.xcassets in Resources */,
				DCE1634D25B1FFBB007C7DDE /* Main.storyboard in Resources */,
			);
			runOnlyForDeploymentPostprocessing = 0;
		};
/* End PBXResourcesBuildPhase section */

/* Begin PBXSourcesBuildPhase section */
		DCE1633E25B1FFBB007C7DDE /* Sources */ = {
			isa = PBXSourcesBuildPhase;
			buildActionMask = 2147483647;
			files = (
				DCE1634A25B1FFBB007C7DDE /* ViewController.swift in Sources */,
				DCE1634625B1FFBB007C7DDE /* AppDelegate.swift in Sources */,
				DCE1634825B1FFBB007C7DDE /* SceneDelegate.swift in Sources */,
			);
			runOnlyForDeploymentPostprocessing = 0;
		};
/* End PBXSourcesBuildPhase section */

/* Begin PBXVariantGroup section */
		DCE1634B25B1FFBB007C7DDE /* Main.storyboard */ = {
			isa = PBXVariantGroup;
			children = (
				DCE1634C25B1FFBB007C7DDE /* Base */,
			);
			name = Main.storyboard;
			sourceTree = "<group>";
		};
		DCE1635025B1FFBE007C7DDE /* LaunchScreen.storyboard */ = {
			isa = PBXVariantGroup;
			children = (
				DCE1635125B1FFBE007C7DDE /* Base */,
			);
			name = LaunchScreen.storyboard;
			sourceTree = "<group>";
		};
/* End PBXVariantGroup section */

/* Begin XCBuildConfiguration section */
		DCE1635425B1FFBE007C7DDE /* Debug */ = {
			isa = XCBuildConfiguration;
			buildSettings = {
				ALWAYS_SEARCH_USER_PATHS = NO;
				CLANG_ANALYZER_NONNULL = YES;
				CLANG_ANALYZER_NUMBER_OBJECT_CONVERSION = YES_AGGRESSIVE;
				CLANG_CXX_LANGUAGE_STANDARD = "gnu++14";
				CLANG_CXX_LIBRARY = "libc++";
				CLANG_ENABLE_MODULES = YES;
				CLANG_ENABLE_OBJC_ARC = YES;
				CLANG_ENABLE_OBJC_WEAK = YES;
				CLANG_WARN_BLOCK_CAPTURE_AUTORELEASING = YES;
				CLANG_WARN_BOOL_CONVERSION = YES;
				CLANG_WARN_COMMA = YES;
				CLANG_WARN_CONSTANT_CONVERSION = YES;
				CLANG_WARN_DEPRECATED_OBJC_IMPLEMENTATIONS = YES;
				CLANG_WARN_DIRECT_OBJC_ISA_USAGE = YES_ERROR;
				CLANG_WARN_DOCUMENTATION_COMMENTS = YES;
				CLANG_WARN_EMPTY_BODY = YES;
				CLANG_WARN_ENUM_CONVERSION = YES;
				CLANG_WARN_INFINITE_RECURSION = YES;
				CLANG_WARN_INT_CONVERSION = YES;
				CLANG_WARN_NON_LITERAL_NULL_CONVERSION = YES;
				CLANG_WARN_OBJC_IMPLICIT_RETAIN_SELF = YES;
				CLANG_WARN_OBJC_LITERAL_CONVERSION = YES;
				CLANG_WARN_OBJC_ROOT_CLASS = YES_ERROR;
				CLANG_WARN_QUOTED_INCLUDE_IN_FRAMEWORK_HEADER = YES;
				CLANG_WARN_RANGE_LOOP_ANALYSIS = YES;
				CLANG_WARN_STRICT_PROTOTYPES = YES;
				CLANG_WARN_SUSPICIOUS_MOVE = YES;
				CLANG_WARN_UNGUARDED_AVAILABILITY = YES_AGGRESSIVE;
				CLANG_WARN_UNREACHABLE_CODE = YES;
				CLANG_WARN__DUPLICATE_METHOD_MATCH = YES;
				COPY_PHASE_STRIP = NO;
				DEBUG_INFORMATION_FORMAT = dwarf;
				ENABLE_STRICT_OBJC_MSGSEND = YES;
				ENABLE_TESTABILITY = YES;
				GCC_C_LANGUAGE_STANDARD = gnu11;
				GCC_DYNAMIC_NO_PIC = NO;
				GCC_NO_COMMON_BLOCKS = YES;
				GCC_OPTIMIZATION_LEVEL = 0;
				GCC_PREPROCESSOR_DEFINITIONS = (
					"DEBUG=1",
					"$(inherited)",
				);
				GCC_WARN_64_TO_32_BIT_CONVERSION = YES;
				GCC_WARN_ABOUT_RETURN_TYPE = YES_ERROR;
				GCC_WARN_UNDECLARED_SELECTOR = YES;
				GCC_WARN_UNINITIALIZED_AUTOS = YES_AGGRESSIVE;
				GCC_WARN_UNUSED_FUNCTION = YES;
				GCC_WARN_UNUSED_VARIABLE = YES;
				IPHONEOS_DEPLOYMENT_TARGET = 14.3;
				MTL_ENABLE_DEBUG_INFO = INCLUDE_SOURCE;
				MTL_FAST_MATH = YES;
				ONLY_ACTIVE_ARCH = YES;
				SDKROOT = iphoneos;
				SWIFT_ACTIVE_COMPILATION_CONDITIONS = DEBUG;
				SWIFT_OPTIMIZATION_LEVEL = "-Onone";
			};
			name = Debug;
		};
		DCE1635525B1FFBE007C7DDE /* Release */ = {
			isa = XCBuildConfiguration;
			buildSettings = {
				ALWAYS_SEARCH_USER_PATHS = NO;
				CLANG_ANALYZER_NONNULL = YES;
				CLANG_ANALYZER_NUMBER_OBJECT_CONVERSION = YES_AGGRESSIVE;
				CLANG_CXX_LANGUAGE_STANDARD = "gnu++14";
				CLANG_CXX_LIBRARY = "libc++";
				CLANG_ENABLE_MODULES = YES;
				CLANG_ENABLE_OBJC_ARC = YES;
				CLANG_ENABLE_OBJC_WEAK = YES;
				CLANG_WARN_BLOCK_CAPTURE_AUTORELEASING = YES;
				CLANG_WARN_BOOL_CONVERSION = YES;
				CLANG_WARN_COMMA = YES;
				CLANG_WARN_CONSTANT_CONVERSION = YES;
				CLANG_WARN_DEPRECATED_OBJC_IMPLEMENTATIONS = YES;
				CLANG_WARN_DIRECT_OBJC_ISA_USAGE = YES_ERROR;
				CLANG_WARN_DOCUMENTATION_COMMENTS = YES;
				CLANG_WARN_EMPTY_BODY = YES;
				CLANG_WARN_ENUM_CONVERSION = YES;
				CLANG_WARN_INFINITE_RECURSION = YES;
				CLANG_WARN_INT_CONVERSION = YES;
				CLANG_WARN_NON_LITERAL_NULL_CONVERSION = YES;
				CLANG_WARN_OBJC_IMPLICIT_RETAIN_SELF = YES;
				CLANG_WARN_OBJC_LITERAL_CONVERSION = YES;
				CLANG_WARN_OBJC_ROOT_CLASS = YES_ERROR;
				CLANG_WARN_QUOTED_INCLUDE_IN_FRAMEWORK_HEADER = YES;
				CLANG_WARN_RANGE_LOOP_ANALYSIS = YES;
				CLANG_WARN_STRICT_PROTOTYPES = YES;
				CLANG_WARN_SUSPICIOUS_MOVE = YES;
				CLANG_WARN_UNGUARDED_AVAILABILITY = YES_AGGRESSIVE;
				CLANG_WARN_UNREACHABLE_CODE = YES;
				CLANG_WARN__DUPLICATE_METHOD_MATCH = YES;
				COPY_PHASE_STRIP = NO;
				DEBUG_INFORMATION_FORMAT = "dwarf-with-dsym";
				ENABLE_NS_ASSERTIONS = NO;
				ENABLE_STRICT_OBJC_MSGSEND = YES;
				GCC_C_LANGUAGE_STANDARD = gnu11;
				GCC_NO_COMMON_BLOCKS = YES;
				GCC_WARN_64_TO_32_BIT_CONVERSION = YES;
				GCC_WARN_ABOUT_RETURN_TYPE = YES_ERROR;
				GCC_WARN_UNDECLARED_SELECTOR = YES;
				GCC_WARN_UNINITIALIZED_AUTOS = YES_AGGRESSIVE;
				GCC_WARN_UNUSED_FUNCTION = YES;
				GCC_WARN_UNUSED_VARIABLE = YES;
				IPHONEOS_DEPLOYMENT_TARGET = 14.3;
				MTL_ENABLE_DEBUG_INFO = NO;
				MTL_FAST_MATH = YES;
				SDKROOT = iphoneos;
				SWIFT_COMPILATION_MODE = wholemodule;
				SWIFT_OPTIMIZATION_LEVEL = "-O";
				VALIDATE_PRODUCT = YES;
			};
			name = Release;
		};
		DCE1635725B1FFBE007C7DDE /* Debug */ = {
			isa = XCBuildConfiguration;
			buildSettings = {
				ASSETCATALOG_COMPILER_APPICON_NAME = AppIcon;
				ASSETCATALOG_COMPILER_GLOBAL_ACCENT_COLOR_NAME = AccentColor;
				CODE_SIGN_STYLE = Automatic;
				INFOPLIST_FILE = BlackLaunchScreen/Info.plist;
				LD_RUNPATH_SEARCH_PATHS = (
					"$(inherited)",
					"@executable_path/Frameworks",
				);
				PRODUCT_BUNDLE_IDENTIFIER = com.henriquevalcanaia.BlackLaunchScreen;
				PRODUCT_NAME = "$(TARGET_NAME)";
				SWIFT_VERSION = 5.0;
				TARGETED_DEVICE_FAMILY = "1,2";
			};
			name = Debug;
		};
		DCE1635825B1FFBE007C7DDE /* Release */ = {
			isa = XCBuildConfiguration;
			buildSettings = {
				ASSETCATALOG_COMPILER_APPICON_NAME = AppIcon;
				ASSETCATALOG_COMPILER_GLOBAL_ACCENT_COLOR_NAME = AccentColor;
				CODE_SIGN_STYLE = Automatic;
				INFOPLIST_FILE = BlackLaunchScreen/Info.plist;
				LD_RUNPATH_SEARCH_PATHS = (
					"$(inherited)",
					"@executable_path/Frameworks",
				);
				PRODUCT_BUNDLE_IDENTIFIER = com.henriquevalcanaia.BlackLaunchScreen;
				PRODUCT_NAME = "$(TARGET_NAME)";
				SWIFT_VERSION = 5.0;
				TARGETED_DEVICE_FAMILY = "1,2";
			};
			name = Release;
		};
/* End XCBuildConfiguration section */

/* Begin XCConfigurationList section */
		DCE1633D25B1FFBB007C7DDE /* Build configuration list for PBXProject "BlackLaunchScreen" */ = {
			isa = XCConfigurationList;
			buildConfigurations = (
				DCE1635425B1FFBE007C7DDE /* Debug */,
				DCE1635525B1FFBE007C7DDE /* Release */,
			);
			defaultConfigurationIsVisible = 0;
			defaultConfigurationName = Release;
		};
		DCE1635625B1FFBE007C7DDE /* Build configuration list for PBXNativeTarget "BlackLaunchScreen" */ = {
			isa = XCConfigurationList;
			buildConfigurations = (
				DCE1635725B1FFBE007C7DDE /* Debug */,
				DCE1635825B1FFBE007C7DDE /* Release */,
			);
			defaultConfigurationIsVisible = 0;
			defaultConfigurationName = Release;
		};
/* End XCConfigurationList section */
	};
	rootObject = DCE1633A25B1FFBB007C7DDE /* Project object */;
}
